// !$*UTF8*$!
{
	archiveVersion = 1;
	classes = {
	};
	objectVersion = 77;
	objects = {

/* Begin PBXBuildFile section */
		F8BFE0BD2FF252FE00BD5DFE /* Supabase in Frameworks */ = {isa = PBXBuildFile; productRef = F8BFE0BC2FF252FE00BD5DFE /* Supabase */; };
/* End PBXBuildFile section */

/* Begin PBXContainerItemProxy section */
		F8BFE0682FF2421A00BD5DFE /* PBXContainerItemProxy */ = {
			isa = PBXContainerItemProxy;
			containerPortal = F8BFE0522FF2421900BD5DFE /* Project object */;
			proxyType = 1;
			remoteGlobalIDString = F8BFE0592FF2421900BD5DFE;
			remoteInfo = CatMap;
		};
		F8BFE0722FF2421A00BD5DFE /* PBXContainerItemProxy */ = {
			isa = PBXContainerItemProxy;
			containerPortal = F8BFE0522FF2421900BD5DFE /* Project object */;
			proxyType = 1;
			remoteGlobalIDString = F8BFE0592FF2421900BD5DFE;
			remoteInfo = CatMap;
		};
/* End PBXContainerItemProxy section */

/* Begin PBXFileReference section */
		F8BFE05A2FF2421900BD5DFE /* CatMap.app */ = {isa = PBXFileReference; explicitFileType = wrapper.application; includeInIndex = 0; path = CatMap.app; sourceTree = BUILT_PRODUCTS_DIR; };
		F8BFE0672FF2421A00BD5DFE /* CatMapTests.xctest */ = {isa = PBXFileReference; explicitFileType = wrapper.cfbundle; includeInIndex = 0; path = CatMapTests.xctest; sourceTree = BUILT_PRODUCTS_DIR; };
		F8BFE0712FF2421A00BD5DFE /* CatMapUITests.xctest */ = {isa = PBXFileReference; explicitFileType = wrapper.cfbundle; includeInIndex = 0; path = CatMapUITests.xctest; sourceTree = BUILT_PRODUCTS_DIR; };
/* End PBXFileReference section */

/* Begin PBXFileSystemSynchronizedRootGroup section */
		F8BFE05C2FF2421900BD5DFE /* CatMap */ = {
			isa = PBXFileSystemSynchronizedRootGroup;
			path = CatMap;
			sourceTree = "<group>";
		};
		F8BFE06A2FF2421A00BD5DFE /* CatMapTests */ = {
			isa = PBXFileSystemSynchronizedRootGroup;
			path = CatMapTests;
			sourceTree = "<group>";
		};
		F8BFE0742FF2421A00BD5DFE /* CatMapUITests */ = {
			isa = PBXFileSystemSynchronizedRootGroup;
			path = CatMapUITests;
			sourceTree = "<group>";
		};
/* End PBXFileSystemSynchronizedRootGroup section */

/* Begin PBXFrameworksBuildPhase section */
		F8BFE0572FF2421900BD5DFE /* Frameworks */ = {
			isa = PBXFrameworksBuildPhase;
			buildActionMask = 2147483647;
			files = (
				F8BFE0BD2FF252FE00BD5DFE /* Supabase in Frameworks */,
			);
			runOnlyForDeploymentPostprocessing = 0;
		};
		F8BFE0642FF2421A00BD5DFE /* Frameworks */ = {
			isa = PBXFrameworksBuildPhase;
			buildActionMask = 2147483647;
			files = (
			);
			runOnlyForDeploymentPostprocessing = 0;
		};
		F8BFE06E2FF2421A00BD5DFE /* Frameworks */ = {
			isa = PBXFrameworksBuildPhase;
			buildActionMask = 2147483647;
			files = (
			);
			runOnlyForDeploymentPostprocessing = 0;
		};
/* End PBXFrameworksBuildPhase section */

/* Begin PBXGroup section */
		F8BFE0512FF2421900BD5DFE = {
			isa = PBXGroup;
			children = (
				F8BFE05C2FF2421900BD5DFE /* CatMap */,
				F8BFE06A2FF2421A00BD5DFE /* CatMapTests */,
				F8BFE0742FF2421A00BD5DFE /* CatMapUITests */,
				F8BFE0AE2FF24C5000BD5DFE /* Frameworks */,
				F8BFE05B2FF2421900BD5DFE /* Products */,
			);
			sourceTree = "<group>";
		};
		F8BFE05B2FF2421900BD5DFE /* Products */ = {
			isa = PBXGroup;
			children = (
				F8BFE05A2FF2421900BD5DFE /* CatMap.app */,
				F8BFE0672FF2421A00BD5DFE /* CatMapTests.xctest */,
				F8BFE0712FF2421A00BD5DFE /* CatMapUITests.xctest */,
			);
			name = Products;
			sourceTree = "<group>";
		};
		F8BFE0AE2FF24C5000BD5DFE /* Frameworks */ = {
			isa = PBXGroup;
			children = (
			);
			name = Frameworks;
			sourceTree = "<group>";
		};
/* End PBXGroup section */

/* Begin PBXNativeTarget section */
		F8BFE0592FF2421900BD5DFE /* CatMap */ = {
			isa = PBXNativeTarget;
			buildConfigurationList = F8BFE07B2FF2421A00BD5DFE /* Build configuration list for PBXNativeTarget "CatMap" */;
			buildPhases = (
				F8BFE0562FF2421900BD5DFE /* Sources */,
				F8BFE0572FF2421900BD5DFE /* Frameworks */,
				F8BFE0582FF2421900BD5DFE /* Resources */,
			);
			buildRules = (
			);
			dependencies = (
			);
			fileSystemSynchronizedGroups = (
				F8BFE05C2FF2421900BD5DFE /* CatMap */,
			);
			name = CatMap;
			packageProductDependencies = (
				F8BFE0BC2FF252FE00BD5DFE /* Supabase */,
			);
			productName = CatMap;
			productReference = F8BFE05A2FF2421900BD5DFE /* CatMap.app */;
			productType = "com.apple.product-type.application";
		};
		F8BFE0662FF2421A00BD5DFE /* CatMapTests */ = {
			isa = PBXNativeTarget;
			buildConfigurationList = F8BFE07E2FF2421A00BD5DFE /* Build configuration list for PBXNativeTarget "CatMapTests" */;
			buildPhases = (
				F8BFE0632FF2421A00BD5DFE /* Sources */,
				F8BFE0642FF2421A00BD5DFE /* Frameworks */,
				F8BFE0652FF2421A00BD5DFE /* Resources */,
			);
			buildRules = (
			);
			dependencies = (
				F8BFE0692FF2421A00BD5DFE /* PBXTargetDependency */,
			);
			fileSystemSynchronizedGroups = (
				F8BFE06A2FF2421A00BD5DFE /* CatMapTests */,
			);
			name = CatMapTests;
			packageProductDependencies = (
			);
			productName = CatMapTests;
			productReference = F8BFE0672FF2421A00BD5DFE /* CatMapTests.xctest */;
			productType = "com.apple.product-type.bundle.unit-test";
		};
		F8BFE0702FF2421A00BD5DFE /* CatMapUITests */ = {
			isa = PBXNativeTarget;
			buildConfigurationList = F8BFE0812FF2421A00BD5DFE /* Build configuration list for PBXNativeTarget "CatMapUITests" */;
			buildPhases = (
				F8BFE06D2FF2421A00BD5DFE /* Sources */,
				F8BFE06E2FF2421A00BD5DFE /* Frameworks */,
				F8BFE06F2FF2421A00BD5DFE /* Resources */,
			);
			buildRules = (
			);
			dependencies = (
				F8BFE0732FF2421A00BD5DFE /* PBXTargetDependency */,
			);
			fileSystemSynchronizedGroups = (
				F8BFE0742FF2421A00BD5DFE /* CatMapUITests */,
			);
			name = CatMapUITests;
			packageProductDependencies = (
			);
			productName = CatMapUITests;
			productReference = F8BFE0712FF2421A00BD5DFE /* CatMapUITests.xctest */;
			productType = "com.apple.product-type.bundle.ui-testing";
		};
/* End PBXNativeTarget section */

/* Begin PBXProject section */
		F8BFE0522FF2421900BD5DFE /* Project object */ = {
			isa = PBXProject;
			attributes = {
				BuildIndependentTargetsInParallel = 1;
				LastSwiftUpdateCheck = 2650;
				LastUpgradeCheck = 2650;
				TargetAttributes = {
					F8BFE0592FF2421900BD5DFE = {
						CreatedOnToolsVersion = 26.5;
					};
					F8BFE0662FF2421A00BD5DFE = {
						CreatedOnToolsVersion = 26.5;
						TestTargetID = F8BFE0592FF2421900BD5DFE;
					};
					F8BFE0702FF2421A00BD5DFE = {
						CreatedOnToolsVersion = 26.5;
						TestTargetID = F8BFE0592FF2421900BD5DFE;
					};
				};
			};
			buildConfigurationList = F8BFE0552FF2421900BD5DFE /* Build configuration list for PBXProject "CatMap" */;
			developmentRegion = en;
			hasScannedForEncodings = 0;
			knownRegions = (
				en,
				Base,
			);
			mainGroup = F8BFE0512FF2421900BD5DFE;
			minimizedProjectReferenceProxies = 1;
			packageReferences = (
				F8BFE0BB2FF252BD00BD5DFE /* XCRemoteSwiftPackageReference "supabase-swift" */,
			);
			preferredProjectObjectVersion = 77;
			productRefGroup = F8BFE05B2FF2421900BD5DFE /* Products */;
			projectDirPath = "";
			projectRoot = "";
			targets = (
				F8BFE0592FF2421900BD5DFE /* CatMap */,
				F8BFE0662FF2421A00BD5DFE /* CatMapTests */,
				F8BFE0702FF2421A00BD5DFE /* CatMapUITests */,
			);
		};
/* End PBXProject section */

/* Begin PBXResourcesBuildPhase section */
		F8BFE0582FF2421900BD5DFE /* Resources */ = {
			isa = PBXResourcesBuildPhase;
			buildActionMask = 2147483647;
			files = (
			);
			runOnlyForDeploymentPostprocessing = 0;
		};
		F8BFE0652FF2421A00BD5DFE /* Resources */ = {
			isa = PBXResourcesBuildPhase;
			buildActionMask = 2147483647;
			files = (
			);
			runOnlyForDeploymentPostprocessing = 0;
		};
		F8BFE06F2FF2421A00BD5DFE /* Resources */ = {
			isa = PBXResourcesBuildPhase;
			buildActionMask = 2147483647;
			files = (
			);
			runOnlyForDeploymentPostprocessing = 0;
		};
/* End PBXResourcesBuildPhase section */

/* Begin PBXSourcesBuildPhase section */
		F8BFE0562FF2421900BD5DFE /* Sources */ = {
			isa = PBXSourcesBuildPhase;
			buildActionMask = 2147483647;
			files = (
			);
			runOnlyForDeploymentPostprocessing = 0;
		};
		F8BFE0632FF2421A00BD5DFE /* Sources */ = {
			isa = PBXSourcesBuildPhase;
			buildActionMask = 2147483647;
			files = (
			);
			runOnlyForDeploymentPostprocessing = 0;
		};
		F8BFE06D2FF2421A00BD5DFE /* Sources */ = {
			isa = PBXSourcesBuildPhase;
			buildActionMask = 2147483647;
			files = (
			);
			runOnlyForDeploymentPostprocessing = 0;
		};
/* End PBXSourcesBuildPhase section */

/* Begin PBXTargetDependency section */
		F8BFE0692FF2421A00BD5DFE /* PBXTargetDependency */ = {
			isa = PBXTargetDependency;
			target = F8BFE0592FF2421900BD5DFE /* CatMap */;
			targetProxy = F8BFE0682FF2421A00BD5DFE /* PBXContainerItemProxy */;
		};
		F8BFE0732FF2421A00BD5DFE /* PBXTargetDependency */ = {
			isa = PBXTargetDependency;
			target = F8BFE0592FF2421900BD5DFE /* CatMap */;
			targetProxy = F8BFE0722FF2421A00BD5DFE /* PBXContainerItemProxy */;
		};
/* End PBXTargetDependency section */

/* Begin XCBuildConfiguration section */
		F8BFE0792FF2421A00BD5DFE /* Debug */ = {
			isa = XCBuildConfiguration;
			buildSettings = {
				ALWAYS_SEARCH_USER_PATHS = NO;
				ASSETCATALOG_COMPILER_GENERATE_SWIFT_ASSET_SYMBOL_EXTENSIONS = YES;
				CLANG_ANALYZER_NONNULL = YES;
				CLANG_ANALYZER_NUMBER_OBJECT_CONVERSION = YES_AGGRESSIVE;
				CLANG_CXX_LANGUAGE_STANDARD = "gnu++20";
				CLANG_ENABLE_MODULES = YES;
				CLANG_ENABLE_OBJC_ARC = YES;
				CLANG_ENABLE_OBJC_WEAK = YES;
				CLANG_WARN_BLOCK_CAPTURE_AUTORELEASING = YES;
				CLANG_WARN_BOOL_CONVERSION = YES;
				CLANG_WARN_COMMA = YES;
				CLANG_WARN_CONSTANT_CONVERSION = YES;
				CLANG_WARN_DEPRECATED_OBJC_IMPLEMENTATIONS = YES;
				CLANG_WARN_DIRECT_OBJC_ISA_USAGE = YES_ERROR;
				CLANG_WARN_DOCUMENTATION_COMMENTS = YES;
				CLANG_WARN_EMPTY_BODY = YES;
				CLANG_WARN_ENUM_CONVERSION = YES;
				CLANG_WARN_INFINITE_RECURSION = YES;
				CLANG_WARN_INT_CONVERSION = YES;
				CLANG_WARN_NON_LITERAL_NULL_CONVERSION = YES;
				CLANG_WARN_OBJC_IMPLICIT_RETAIN_SELF = YES;
				CLANG_WARN_OBJC_LITERAL_CONVERSION = YES;
				CLANG_WARN_OBJC_ROOT_CLASS = YES_ERROR;
				CLANG_WARN_QUOTED_INCLUDE_IN_FRAMEWORK_HEADER = YES;
				CLANG_WARN_RANGE_LOOP_ANALYSIS = YES;
				CLANG_WARN_STRICT_PROTOTYPES = YES;
				CLANG_WARN_SUSPICIOUS_MOVE = YES;
				CLANG_WARN_UNGUARDED_AVAILABILITY = YES_AGGRESSIVE;
				CLANG_WARN_UNREACHABLE_CODE = YES;
				CLANG_WARN__DUPLICATE_METHOD_MATCH = YES;
				COPY_PHASE_STRIP = NO;
				DEBUG_INFORMATION_FORMAT = dwarf;
				DEVELOPMENT_TEAM = 452H92CGNL;
				ENABLE_STRICT_OBJC_MSGSEND = YES;
				ENABLE_TESTABILITY = YES;
				ENABLE_USER_SCRIPT_SANDBOXING = YES;
				GCC_C_LANGUAGE_STANDARD = gnu17;
				GCC_DYNAMIC_NO_PIC = NO;
				GCC_NO_COMMON_BLOCKS = YES;
				GCC_OPTIMIZATION_LEVEL = 0;
				GCC_PREPROCESSOR_DEFINITIONS = (
					"DEBUG=1",
					"$(inherited)",
				);
				GCC_WARN_64_TO_32_BIT_CONVERSION = YES;
				GCC_WARN_ABOUT_RETURN_TYPE = YES_ERROR;
				GCC_WARN_UNDECLARED_SELECTOR = YES;
				GCC_WARN_UNINITIALIZED_AUTOS = YES_AGGRESSIVE;
				GCC_WARN_UNUSED_FUNCTION = YES;
				GCC_WARN_UNUSED_VARIABLE = YES;
				IPHONEOS_DEPLOYMENT_TARGET = 26.5;
				LOCALIZATION_PREFERS_STRING_CATALOGS = YES;
				MTL_ENABLE_DEBUG_INFO = INCLUDE_SOURCE;
				MTL_FAST_MATH = YES;
				ONLY_ACTIVE_ARCH = YES;
				SDKROOT = iphoneos;
				SWIFT_ACTIVE_COMPILATION_CONDITIONS = "DEBUG $(inherited)";
				SWIFT_OPTIMIZATION_LEVEL = "-Onone";
			};
			name = Debug;
		};
		F8BFE07A2FF2421A00BD5DFE /* Release */ = {
			isa = XCBuildConfiguration;
			buildSettings = {
				ALWAYS_SEARCH_USER_PATHS = NO;
				ASSETCATALOG_COMPILER_GENERATE_SWIFT_ASSET_SYMBOL_EXTENSIONS = YES;
				CLANG_ANALYZER_NONNULL = YES;
				CLANG_ANALYZER_NUMBER_OBJECT_CONVERSION = YES_AGGRESSIVE;
				CLANG_CXX_LANGUAGE_STANDARD = "gnu++20";
				CLANG_ENABLE_MODULES = YES;
				CLANG_ENABLE_OBJC_ARC = YES;
				CLANG_ENABLE_OBJC_WEAK = YES;
				CLANG_WARN_BLOCK_CAPTURE_AUTORELEASING = YES;
				CLANG_WARN_BOOL_CONVERSION = YES;
				CLANG_WARN_COMMA = YES;
				CLANG_WARN_CONSTANT_CONVERSION = YES;
				CLANG_WARN_DEPRECATED_OBJC_IMPLEMENTATIONS = YES;
				CLANG_WARN_DIRECT_OBJC_ISA_USAGE = YES_ERROR;
				CLANG_WARN_DOCUMENTATION_COMMENTS = YES;
				CLANG_WARN_EMPTY_BODY = YES;
				CLANG_WARN_ENUM_CONVERSION = YES;
				CLANG_WARN_INFINITE_RECURSION = YES;
				CLANG_WARN_INT_CONVERSION = YES;
				CLANG_WARN_NON_LITERAL_NULL_CONVERSION = YES;
				CLANG_WARN_OBJC_IMPLICIT_RETAIN_SELF = YES;
				CLANG_WARN_OBJC_LITERAL_CONVERSION = YES;
				CLANG_WARN_OBJC_ROOT_CLASS = YES_ERROR;
				CLANG_WARN_QUOTED_INCLUDE_IN_FRAMEWORK_HEADER = YES;
				CLANG_WARN_RANGE_LOOP_ANALYSIS = YES;
				CLANG_WARN_STRICT_PROTOTYPES = YES;
				CLANG_WARN_SUSPICIOUS_MOVE = YES;
				CLANG_WARN_UNGUARDED_AVAILABILITY = YES_AGGRESSIVE;
				CLANG_WARN_UNREACHABLE_CODE = YES;
				CLANG_WARN__DUPLICATE_METHOD_MATCH = YES;
				COPY_PHASE_STRIP = NO;
				DEBUG_INFORMATION_FORMAT = "dwarf-with-dsym";
				DEVELOPMENT_TEAM = 452H92CGNL;
				ENABLE_NS_ASSERTIONS = NO;
				ENABLE_STRICT_OBJC_MSGSEND = YES;
				ENABLE_USER_SCRIPT_SANDBOXING = YES;
				GCC_C_LANGUAGE_STANDARD = gnu17;
				GCC_NO_COMMON_BLOCKS = YES;
				GCC_WARN_64_TO_32_BIT_CONVERSION = YES;
				GCC_WARN_ABOUT_RETURN_TYPE = YES_ERROR;
				GCC_WARN_UNDECLARED_SELECTOR = YES;
				GCC_WARN_UNINITIALIZED_AUTOS = YES_AGGRESSIVE;
				GCC_WARN_UNUSED_FUNCTION = YES;
				GCC_WARN_UNUSED_VARIABLE = YES;
				IPHONEOS_DEPLOYMENT_TARGET = 26.5;
				LOCALIZATION_PREFERS_STRING_CATALOGS = YES;
				MTL_ENABLE_DEBUG_INFO = NO;
				MTL_FAST_MATH = YES;
				SDKROOT = iphoneos;
				SWIFT_COMPILATION_MODE = wholemodule;
				VALIDATE_PRODUCT = YES;
			};
			name = Release;
		};
		F8BFE07C2FF2421A00BD5DFE /* Debug */ = {
			isa = XCBuildConfiguration;
			buildSettings = {
				ASSETCATALOG_COMPILER_APPICON_NAME = AppIcon;
				ASSETCATALOG_COMPILER_GLOBAL_ACCENT_COLOR_NAME = AccentColor;
				CODE_SIGN_STYLE = Automatic;
				CURRENT_PROJECT_VERSION = 1;
				DEVELOPMENT_TEAM = 452H92CGNL;
				ENABLE_PREVIEWS = YES;
				GENERATE_INFOPLIST_FILE = YES;
				INFOPLIST_KEY_NSCameraUsageDescription = "길냥이 사진을 찍기 위해 카메라 접근이 필요합니다.";
				INFOPLIST_KEY_NSLocationWhenInUseUsageDescription = "길냥이의 위치를 지도에 표시하기 위해 현재 위치가 필요합니다.";
				INFOPLIST_KEY_NSPhotoLibraryUsageDescription = "앨범에서 길냥이 사진을 선택하기 위해 필요합니다.";
				INFOPLIST_KEY_UIApplicationSceneManifest_Generation = YES;
				INFOPLIST_KEY_UIApplicationSupportsIndirectInputEvents = YES;
				INFOPLIST_KEY_UILaunchScreen_Generation = YES;
				INFOPLIST_KEY_UISupportedInterfaceOrientations_iPad = "UIInterfaceOrientationPortrait UIInterfaceOrientationPortraitUpsideDown UIInterfaceOrientationLandscapeLeft UIInterfaceOrientationLandscapeRight";
				INFOPLIST_KEY_UISupportedInterfaceOrientations_iPhone = "UIInterfaceOrientationPortrait UIInterfaceOrientationLandscapeLeft UIInterfaceOrientationLandscapeRight";
				LD_RUNPATH_SEARCH_PATHS = (
					"$(inherited)",
					"@executable_path/Frameworks",
				);
				MARKETING_VERSION = 1.0;
				PRODUCT_BUNDLE_IDENTIFIER = com.parkyounsu.CatMap;
				PRODUCT_NAME = "$(TARGET_NAME)";
				STRING_CATALOG_GENERATE_SYMBOLS = YES;
				SWIFT_APPROACHABLE_CONCURRENCY = YES;
				SWIFT_DEFAULT_ACTOR_ISOLATION = MainActor;
				SWIFT_EMIT_LOC_STRINGS = YES;
				SWIFT_UPCOMING_FEATURE_MEMBER_IMPORT_VISIBILITY = YES;
				SWIFT_VERSION = 5.0;
				TARGETED_DEVICE_FAMILY = "1,2";
			};
			name = Debug;
		};
		F8BFE07D2FF2421A00BD5DFE /* Release */ = {
			isa = XCBuildConfiguration;
			buildSettings = {
				ASSETCATALOG_COMPILER_APPICON_NAME = AppIcon;
				ASSETCATALOG_COMPILER_GLOBAL_ACCENT_COLOR_NAME = AccentColor;
				CODE_SIGN_STYLE = Automatic;
				CURRENT_PROJECT_VERSION = 1;
				DEVELOPMENT_TEAM = 452H92CGNL;
				ENABLE_PREVIEWS = YES;
				GENERATE_INFOPLIST_FILE = YES;
				INFOPLIST_KEY_NSCameraUsageDescription = "길냥이 사진을 찍기 위해 카메라 접근이 필요합니다.";
				INFOPLIST_KEY_NSLocationWhenInUseUsageDescription = "길냥이의 위치를 지도에 표시하기 위해 현재 위치가 필요합니다.";
				INFOPLIST_KEY_NSPhotoLibraryUsageDescription = "앨범에서 길냥이 사진을 선택하기 위해 필요합니다.";
				INFOPLIST_KEY_UIApplicationSceneManifest_Generation = YES;
				INFOPLIST_KEY_UIApplicationSupportsIndirectInputEvents = YES;
				INFOPLIST_KEY_UILaunchScreen_Generation = YES;
				INFOPLIST_KEY_UISupportedInterfaceOrientations_iPad = "UIInterfaceOrientationPortrait UIInterfaceOrientationPortraitUpsideDown UIInterfaceOrientationLandscapeLeft UIInterfaceOrientationLandscapeRight";
				INFOPLIST_KEY_UISupportedInterfaceOrientations_iPhone = "UIInterfaceOrientationPortrait UIInterfaceOrientationLandscapeLeft UIInterfaceOrientationLandscapeRight";
				LD_RUNPATH_SEARCH_PATHS = (
					"$(inherited)",
					"@executable_path/Frameworks",
				);
				MARKETING_VERSION = 1.0;
				PRODUCT_BUNDLE_IDENTIFIER = com.parkyounsu.CatMap;
				PRODUCT_NAME = "$(TARGET_NAME)";
				STRING_CATALOG_GENERATE_SYMBOLS = YES;
				SWIFT_APPROACHABLE_CONCURRENCY = YES;
				SWIFT_DEFAULT_ACTOR_ISOLATION = MainActor;
				SWIFT_EMIT_LOC_STRINGS = YES;
				SWIFT_UPCOMING_FEATURE_MEMBER_IMPORT_VISIBILITY = YES;
				SWIFT_VERSION = 5.0;
				TARGETED_DEVICE_FAMILY = "1,2";
			};
			name = Release;
		};
		F8BFE07F2FF2421A00BD5DFE /* Debug */ = {
			isa = XCBuildConfiguration;
			buildSettings = {
				BUNDLE_LOADER = "$(TEST_HOST)";
				CODE_SIGN_STYLE = Automatic;
				CURRENT_PROJECT_VERSION = 1;
				DEVELOPMENT_TEAM = 452H92CGNL;
				GENERATE_INFOPLIST_FILE = YES;
				IPHONEOS_DEPLOYMENT_TARGET = 26.5;
				MARKETING_VERSION = 1.0;
				PRODUCT_BUNDLE_IDENTIFIER = com.parkyounsu.CatMapTests;
				PRODUCT_NAME = "$(TARGET_NAME)";
				STRING_CATALOG_GENERATE_SYMBOLS = NO;
				SWIFT_APPROACHABLE_CONCURRENCY = YES;
				SWIFT_EMIT_LOC_STRINGS = NO;
				SWIFT_UPCOMING_FEATURE_MEMBER_IMPORT_VISIBILITY = YES;
				SWIFT_VERSION = 5.0;
				TARGETED_DEVICE_FAMILY = "1,2";
				TEST_HOST = "$(BUILT_PRODUCTS_DIR)/CatMap.app/$(BUNDLE_EXECUTABLE_FOLDER_PATH)/CatMap";
			};
			name = Debug;
		};
		F8BFE0802FF2421A00BD5DFE /* Release */ = {
			isa = XCBuildConfiguration;
			buildSettings = {
				BUNDLE_LOADER = "$(TEST_HOST)";
				CODE_SIGN_STYLE = Automatic;
				CURRENT_PROJECT_VERSION = 1;
				DEVELOPMENT_TEAM = 452H92CGNL;
				GENERATE_INFOPLIST_FILE = YES;
				IPHONEOS_DEPLOYMENT_TARGET = 26.5;
				MARKETING_VERSION = 1.0;
				PRODUCT_BUNDLE_IDENTIFIER = com.parkyounsu.CatMapTests;
				PRODUCT_NAME = "$(TARGET_NAME)";
				STRING_CATALOG_GENERATE_SYMBOLS = NO;
				SWIFT_APPROACHABLE_CONCURRENCY = YES;
				SWIFT_EMIT_LOC_STRINGS = NO;
				SWIFT_UPCOMING_FEATURE_MEMBER_IMPORT_VISIBILITY = YES;
				SWIFT_VERSION = 5.0;
				TARGETED_DEVICE_FAMILY = "1,2";
				TEST_HOST = "$(BUILT_PRODUCTS_DIR)/CatMap.app/$(BUNDLE_EXECUTABLE_FOLDER_PATH)/CatMap";
			};
			name = Release;
		};
		F8BFE0822FF2421A00BD5DFE /* Debug */ = {
			isa = XCBuildConfiguration;
			buildSettings = {
				CODE_SIGN_STYLE = Automatic;
				CURRENT_PROJECT_VERSION = 1;
				DEVELOPMENT_TEAM = 452H92CGNL;
				GENERATE_INFOPLIST_FILE = YES;
				MARKETING_VERSION = 1.0;
				PRODUCT_BUNDLE_IDENTIFIER = com.parkyounsu.CatMapUITests;
				PRODUCT_NAME = "$(TARGET_NAME)";
				STRING_CATALOG_GENERATE_SYMBOLS = NO;
				SWIFT_APPROACHABLE_CONCURRENCY = YES;
				SWIFT_EMIT_LOC_STRINGS = NO;
				SWIFT_UPCOMING_FEATURE_MEMBER_IMPORT_VISIBILITY = YES;
				SWIFT_VERSION = 5.0;
				TARGETED_DEVICE_FAMILY = "1,2";
				TEST_TARGET_NAME = CatMap;
			};
			name = Debug;
		};
		F8BFE0832FF2421A00BD5DFE /* Release */ = {
			isa = XCBuildConfiguration;
			buildSettings = {
				CODE_SIGN_STYLE = Automatic;
				CURRENT_PROJECT_VERSION = 1;
				DEVELOPMENT_TEAM = 452H92CGNL;
				GENERATE_INFOPLIST_FILE = YES;
				MARKETING_VERSION = 1.0;
				PRODUCT_BUNDLE_IDENTIFIER = com.parkyounsu.CatMapUITests;
				PRODUCT_NAME = "$(TARGET_NAME)";
				STRING_CATALOG_GENERATE_SYMBOLS = NO;
				SWIFT_APPROACHABLE_CONCURRENCY = YES;
				SWIFT_EMIT_LOC_STRINGS = NO;
				SWIFT_UPCOMING_FEATURE_MEMBER_IMPORT_VISIBILITY = YES;
				SWIFT_VERSION = 5.0;
				TARGETED_DEVICE_FAMILY = "1,2";
				TEST_TARGET_NAME = CatMap;
			};
			name = Release;
		};
/* End XCBuildConfiguration section */

/* Begin XCConfigurationList section */
		F8BFE0552FF2421900BD5DFE /* Build configuration list for PBXProject "CatMap" */ = {
			isa = XCConfigurationList;
			buildConfigurations = (
				F8BFE0792FF2421A00BD5DFE /* Debug */,
				F8BFE07A2FF2421A00BD5DFE /* Release */,
			);
			defaultConfigurationIsVisible = 0;
			defaultConfigurationName = Release;
		};
		F8BFE07B2FF2421A00BD5DFE /* Build configuration list for PBXNativeTarget "CatMap" */ = {
			isa = XCConfigurationList;
			buildConfigurations = (
				F8BFE07C2FF2421A00BD5DFE /* Debug */,
				F8BFE07D2FF2421A00BD5DFE /* Release */,
			);
			defaultConfigurationIsVisible = 0;
			defaultConfigurationName = Release;
		};
		F8BFE07E2FF2421A00BD5DFE /* Build configuration list for PBXNativeTarget "CatMapTests" */ = {
			isa = XCConfigurationList;
			buildConfigurations = (
				F8BFE07F2FF2421A00BD5DFE /* Debug */,
				F8BFE0802FF2421A00BD5DFE /* Release */,
			);
			defaultConfigurationIsVisible = 0;
			defaultConfigurationName = Release;
		};
		F8BFE0812FF2421A00BD5DFE /* Build configuration list for PBXNativeTarget "CatMapUITests" */ = {
			isa = XCConfigurationList;
			buildConfigurations = (
				F8BFE0822FF2421A00BD5DFE /* Debug */,
				F8BFE0832FF2421A00BD5DFE /* Release */,
			);
			defaultConfigurationIsVisible = 0;
			defaultConfigurationName = Release;
		};
/* End XCConfigurationList section */

/* Begin XCRemoteSwiftPackageReference section */
		F8BFE0BB2FF252BD00BD5DFE /* XCRemoteSwiftPackageReference "supabase-swift" */ = {
			isa = XCRemoteSwiftPackageReference;
			repositoryURL = "https://github.com/supabase/supabase-swift";
			requirement = {
				kind = upToNextMajorVersion;
				minimumVersion = 2.5.1;
			};
		};
/* End XCRemoteSwiftPackageReference section */

/* Begin XCSwiftPackageProductDependency section */
		F8BFE0BC2FF252FE00BD5DFE /* Supabase */ = {
			isa = XCSwiftPackageProductDependency;
			package = F8BFE0BB2FF252BD00BD5DFE /* XCRemoteSwiftPackageReference "supabase-swift" */;
			productName = Supabase;
		};
/* End XCSwiftPackageProductDependency section */
	};
	rootObject = F8BFE0522FF2421900BD5DFE /* Project object */;
}
